
Microsoft Visual Studio Solution File, Format Version 12.00
# Visual Studio Version 17
VisualStudioVersion = 17.4.33110.190
MinimumVisualStudioVersion = 10.0.40219.1
Project("{9A19103F-16F7-4668-BE54-9A1E7A4F7556}") = "Metodacieciw", "Metodacieciw\Metodacieciw.csproj", "{3076091B-1CE4-4953-BD13-0371D09A006A}"
EndProject
Project("{FAE04EC0-301F-11D3-BF4B-00C04F79EFBC}") = "bisekcja", "bisekcja\bisekcja.csproj", "{C0A0801A-2D06-4CFB-8CB7-2EEC32968ABD}"
EndProject
Global
	GlobalSection(SolutionConfigurationPlatforms) = preSolution
		Debug|Any CPU = Debug|Any CPU
		Release|Any CPU = Release|Any CPU
	EndGlobalSection
	GlobalSection(ProjectConfigurationPlatforms) = postSolution
		{3076091B-1CE4-4953-BD13-0371D09A006A}.Debug|Any CPU.ActiveCfg = Debug|Any CPU
		{3076091B-1CE4-4953-BD13-0371D09A006A}.Debug|Any CPU.Build.0 = Debug|Any CPU
		{3076091B-1CE4-4953-BD13-0371D09A006A}.Release|Any CPU.ActiveCfg = Release|Any CPU
		{3076091B-1CE4-4953-BD13-0371D09A006A}.Release|Any CPU.Build.0 = Release|Any CPU
		{C0A0801A-2D06-4CFB-8CB7-2EEC32968ABD}.Debug|Any CPU.ActiveCfg = Debug|Any CPU
		{C0A0801A-2D06-4CFB-8CB7-2EEC32968ABD}.Debug|Any CPU.Build.0 = Debug|Any CPU
		{C0A0801A-2D06-4CFB-8CB7-2EEC32968ABD}.Release|Any CPU.ActiveCfg = Release|Any CPU
		{C0A0801A-2D06-4CFB-8CB7-2EEC32968ABD}.Release|Any CPU.Build.0 = Release|Any CPU
	EndGlobalSection
	GlobalSection(SolutionProperties) = preSolution
		HideSolutionNode = FALSE
	EndGlobalSection
	GlobalSection(ExtensibilityGlobals) = postSolution
		SolutionGuid = {A404DA4A-9165-4A3A-AEE0-2C3B23A9A30A}
	EndGlobalSection
EndGlobal
